// !$*UTF8*$!
{
	archiveVersion = 1;
	classes = {
	};
	objectVersion = 55;
	objects = {

/* Begin PBXBuildFile section */
		04316FC12870A5060072DD0D /* PhotoViewController.swift in Sources */ = {isa = PBXBuildFile; fileRef = 04316FC02870A5060072DD0D /* PhotoViewController.swift */; };
		04316FC32870A5220072DD0D /* LoginViewController.swift in Sources */ = {isa = PBXBuildFile; fileRef = 04316FC22870A5220072DD0D /* LoginViewController.swift */; };
		04316FC52870A5370072DD0D /* RegisterViewController.swift in Sources */ = {isa = PBXBuildFile; fileRef = 04316FC42870A5370072DD0D /* RegisterViewController.swift */; };
		04316FC72870A5860072DD0D /* ProfileViewController.swift in Sources */ = {isa = PBXBuildFile; fileRef = 04316FC62870A5860072DD0D /* ProfileViewController.swift */; };
		04316FC92870A59C0072DD0D /* VideoPlayerViewController.swift in Sources */ = {isa = PBXBuildFile; fileRef = 04316FC82870A59C0072DD0D /* VideoPlayerViewController.swift */; };
		04316FCB2870A5AE0072DD0D /* NewChatViewController.swift in Sources */ = {isa = PBXBuildFile; fileRef = 04316FCA2870A5AE0072DD0D /* NewChatViewController.swift */; };
		04316FCE2870E5080072DD0D /* Extensions.swift in Sources */ = {isa = PBXBuildFile; fileRef = 04316FCD2870E5080072DD0D /* Extensions.swift */; };
		04316FD02872CB250072DD0D /* GoogleService-Info.plist in Resources */ = {isa = PBXBuildFile; fileRef = 04316FCF2872CB250072DD0D /* GoogleService-Info.plist */; };
		04316FD2287414270072DD0D /* DatabaseManager.swift in Sources */ = {isa = PBXBuildFile; fileRef = 04316FD1287414270072DD0D /* DatabaseManager.swift */; };
		04E519AC286CF0FD00EB0BC9 /* AppDelegate.swift in Sources */ = {isa = PBXBuildFile; fileRef = 04E519AB286CF0FD00EB0BC9 /* AppDelegate.swift */; };
		04E519AE286CF0FD00EB0BC9 /* SceneDelegate.swift in Sources */ = {isa = PBXBuildFile; fileRef = 04E519AD286CF0FD00EB0BC9 /* SceneDelegate.swift */; };
		04E519B0286CF0FE00EB0BC9 /* ChatViewController.swift in Sources */ = {isa = PBXBuildFile; fileRef = 04E519AF286CF0FD00EB0BC9 /* ChatViewController.swift */; };
		04E519B3286CF0FE00EB0BC9 /* Main.storyboard in Resources */ = {isa = PBXBuildFile; fileRef = 04E519B1286CF0FE00EB0BC9 /* Main.storyboard */; };
		04E519B5286CF0FF00EB0BC9 /* Assets.xcassets in Resources */ = {isa = PBXBuildFile; fileRef = 04E519B4286CF0FF00EB0BC9 /* Assets.xcassets */; };
		04E519B8286CF0FF00EB0BC9 /* LaunchScreen.storyboard in Resources */ = {isa = PBXBuildFile; fileRef = 04E519B6286CF0FF00EB0BC9 /* LaunchScreen.storyboard */; };
		81744D68A49CEF651971F691 /* Pods_ChatApp.framework in Frameworks */ = {isa = PBXBuildFile; fileRef = 09E2B5E43E3AB82600B3EF60 /* Pods_ChatApp.framework */; };
/* End PBXBuildFile section */

/* Begin PBXFileReference section */
		04316FC02870A5060072DD0D /* PhotoViewController.swift */ = {isa = PBXFileReference; lastKnownFileType = sourcecode.swift; path = PhotoViewController.swift; sourceTree = "<group>"; };
		04316FC22870A5220072DD0D /* LoginViewController.swift */ = {isa = PBXFileReference; lastKnownFileType = sourcecode.swift; path = LoginViewController.swift; sourceTree = "<group>"; };
		04316FC42870A5370072DD0D /* RegisterViewController.swift */ = {isa = PBXFileReference; lastKnownFileType = sourcecode.swift; path = RegisterViewController.swift; sourceTree = "<group>"; };
		04316FC62870A5860072DD0D /* ProfileViewController.swift */ = {isa = PBXFileReference; lastKnownFileType = sourcecode.swift; path = ProfileViewController.swift; sourceTree = "<group>"; };
		04316FC82870A59C0072DD0D /* VideoPlayerViewController.swift */ = {isa = PBXFileReference; lastKnownFileType = sourcecode.swift; path = VideoPlayerViewController.swift; sourceTree = "<group>"; };
		04316FCA2870A5AE0072DD0D /* NewChatViewController.swift */ = {isa = PBXFileReference; lastKnownFileType = sourcecode.swift; path = NewChatViewController.swift; sourceTree = "<group>"; };
		04316FCD2870E5080072DD0D /* Extensions.swift */ = {isa = PBXFileReference; lastKnownFileType = sourcecode.swift; path = Extensions.swift; sourceTree = "<group>"; };
		04316FCF2872CB250072DD0D /* GoogleService-Info.plist */ = {isa = PBXFileReference; fileEncoding = 4; lastKnownFileType = text.plist.xml; name = "GoogleService-Info.plist"; path = "../../../Downloads/GoogleService-Info.plist"; sourceTree = "<group>"; };
		04316FD1287414270072DD0D /* DatabaseManager.swift */ = {isa = PBXFileReference; lastKnownFileType = sourcecode.swift; path = DatabaseManager.swift; sourceTree = "<group>"; };
		04E519A8286CF0FD00EB0BC9 /* ChatApp.app */ = {isa = PBXFileReference; explicitFileType = wrapper.application; includeInIndex = 0; path = ChatApp.app; sourceTree = BUILT_PRODUCTS_DIR; };
		04E519AB286CF0FD00EB0BC9 /* AppDelegate.swift */ = {isa = PBXFileReference; lastKnownFileType = sourcecode.swift; path = AppDelegate.swift; sourceTree = "<group>"; };
		04E519AD286CF0FD00EB0BC9 /* SceneDelegate.swift */ = {isa = PBXFileReference; lastKnownFileType = sourcecode.swift; path = SceneDelegate.swift; sourceTree = "<group>"; };
		04E519AF286CF0FD00EB0BC9 /* ChatViewController.swift */ = {isa = PBXFileReference; lastKnownFileType = sourcecode.swift; path = ChatViewController.swift; sourceTree = "<group>"; };
		04E519B2286CF0FE00EB0BC9 /* Base */ = {isa = PBXFileReference; lastKnownFileType = file.storyboard; name = Base; path = Base.lproj/Main.storyboard; sourceTree = "<group>"; };
		04E519B4286CF0FF00EB0BC9 /* Assets.xcassets */ = {isa = PBXFileReference; lastKnownFileType = folder.assetcatalog; path = Assets.xcassets; sourceTree = "<group>"; };
		04E519B7286CF0FF00EB0BC9 /* Base */ = {isa = PBXFileReference; lastKnownFileType = file.storyboard; name = Base; path = Base.lproj/LaunchScreen.storyboard; sourceTree = "<group>"; };
		04E519B9286CF0FF00EB0BC9 /* Info.plist */ = {isa = PBXFileReference; lastKnownFileType = text.plist.xml; path = Info.plist; sourceTree = "<group>"; };
		09E2B5E43E3AB82600B3EF60 /* Pods_ChatApp.framework */ = {isa = PBXFileReference; explicitFileType = wrapper.framework; includeInIndex = 0; path = Pods_ChatApp.framework; sourceTree = BUILT_PRODUCTS_DIR; };
		61F2B4702299AB7044D6AAE5 /* Pods-ChatApp.release.xcconfig */ = {isa = PBXFileReference; includeInIndex = 1; lastKnownFileType = text.xcconfig; name = "Pods-ChatApp.release.xcconfig"; path = "Target Support Files/Pods-ChatApp/Pods-ChatApp.release.xcconfig"; sourceTree = "<group>"; };
		AA5CBE4322F2E56373E95C51 /* Pods-ChatApp.debug.xcconfig */ = {isa = PBXFileReference; includeInIndex = 1; lastKnownFileType = text.xcconfig; name = "Pods-ChatApp.debug.xcconfig"; path = "Target Support Files/Pods-ChatApp/Pods-ChatApp.debug.xcconfig"; sourceTree = "<group>"; };
/* End PBXFileReference section */

/* Begin PBXFrameworksBuildPhase section */
		04E519A5286CF0FD00EB0BC9 /* Frameworks */ = {
			isa = PBXFrameworksBuildPhase;
			buildActionMask = 2147483647;
			files = (
				81744D68A49CEF651971F691 /* Pods_ChatApp.framework in Frameworks */,
			);
			runOnlyForDeploymentPostprocessing = 0;
		};
/* End PBXFrameworksBuildPhase section */

/* Begin PBXGroup section */
		04316FBA286E2F910072DD0D /* Controllers */ = {
			isa = PBXGroup;
			children = (
				04E519AF286CF0FD00EB0BC9 /* ChatViewController.swift */,
				04316FC02870A5060072DD0D /* PhotoViewController.swift */,
				04316FCC2870A7540072DD0D /* Login */,
				04316FC62870A5860072DD0D /* ProfileViewController.swift */,
				04316FC82870A59C0072DD0D /* VideoPlayerViewController.swift */,
				04316FCA2870A5AE0072DD0D /* NewChatViewController.swift */,
			);
			path = Controllers;
			sourceTree = "<group>";
		};
		04316FBB286E2FB90072DD0D /* Models */ = {
			isa = PBXGroup;
			children = (
			);
			path = Models;
			sourceTree = "<group>";
		};
		04316FBC286E2FC40072DD0D /* Views */ = {
			isa = PBXGroup;
			children = (
				04316FBF286E307D0072DD0D /* Storyboards */,
				04E519B4286CF0FF00EB0BC9 /* Assets.xcassets */,
			);
			path = Views;
			sourceTree = "<group>";
		};
		04316FBD286E2FD40072DD0D /* ViewModels */ = {
			isa = PBXGroup;
			children = (
			);
			path = ViewModels;
			sourceTree = "<group>";
		};
		04316FBE286E2FE00072DD0D /* Resources */ = {
			isa = PBXGroup;
			children = (
				04E519AB286CF0FD00EB0BC9 /* AppDelegate.swift */,
				04E519AD286CF0FD00EB0BC9 /* SceneDelegate.swift */,
				04316FCD2870E5080072DD0D /* Extensions.swift */,
				04316FD1287414270072DD0D /* DatabaseManager.swift */,
			);
			path = Resources;
			sourceTree = "<group>";
		};
		04316FBF286E307D0072DD0D /* Storyboards */ = {
			isa = PBXGroup;
			children = (
				04E519B1286CF0FE00EB0BC9 /* Main.storyboard */,
				04E519B6286CF0FF00EB0BC9 /* LaunchScreen.storyboard */,
			);
			path = Storyboards;
			sourceTree = "<group>";
		};
		04316FCC2870A7540072DD0D /* Login */ = {
			isa = PBXGroup;
			children = (
				04316FC22870A5220072DD0D /* LoginViewController.swift */,
				04316FC42870A5370072DD0D /* RegisterViewController.swift */,
			);
			path = Login;
			sourceTree = "<group>";
		};
		04E5199F286CF0FD00EB0BC9 = {
			isa = PBXGroup;
			children = (
				04E519AA286CF0FD00EB0BC9 /* ChatApp */,
				04E519A9286CF0FD00EB0BC9 /* Products */,
				27CB90BB1BD49F6F533D81BE /* Pods */,
				1DA2996A8C90BA8F7E7CE1AD /* Frameworks */,
			);
			sourceTree = "<group>";
		};
		04E519A9286CF0FD00EB0BC9 /* Products */ = {
			isa = PBXGroup;
			children = (
				04E519A8286CF0FD00EB0BC9 /* ChatApp.app */,
			);
			name = Products;
			sourceTree = "<group>";
		};
		04E519AA286CF0FD00EB0BC9 /* ChatApp */ = {
			isa = PBXGroup;
			children = (
				04316FCF2872CB250072DD0D /* GoogleService-Info.plist */,
				04316FBE286E2FE00072DD0D /* Resources */,
				04316FBD286E2FD40072DD0D /* ViewModels */,
				04316FBC286E2FC40072DD0D /* Views */,
				04316FBB286E2FB90072DD0D /* Models */,
				04316FBA286E2F910072DD0D /* Controllers */,
				04E519B9286CF0FF00EB0BC9 /* Info.plist */,
			);
			path = ChatApp;
			sourceTree = "<group>";
		};
		1DA2996A8C90BA8F7E7CE1AD /* Frameworks */ = {
			isa = PBXGroup;
			children = (
				09E2B5E43E3AB82600B3EF60 /* Pods_ChatApp.framework */,
			);
			name = Frameworks;
			sourceTree = "<group>";
		};
		27CB90BB1BD49F6F533D81BE /* Pods */ = {
			isa = PBXGroup;
			children = (
				AA5CBE4322F2E56373E95C51 /* Pods-ChatApp.debug.xcconfig */,
				61F2B4702299AB7044D6AAE5 /* Pods-ChatApp.release.xcconfig */,
			);
			path = Pods;
			sourceTree = "<group>";
		};
/* End PBXGroup section */

/* Begin PBXNativeTarget section */
		04E519A7286CF0FD00EB0BC9 /* ChatApp */ = {
			isa = PBXNativeTarget;
			buildConfigurationList = 04E519BC286CF0FF00EB0BC9 /* Build configuration list for PBXNativeTarget "ChatApp" */;
			buildPhases = (
				0C0841DFAA54649F0C7F965D /* [CP] Check Pods Manifest.lock */,
				04E519A4286CF0FD00EB0BC9 /* Sources */,
				04E519A5286CF0FD00EB0BC9 /* Frameworks */,
				04E519A6286CF0FD00EB0BC9 /* Resources */,
				7243ED047D5E8912AA03638A /* [CP] Embed Pods Frameworks */,
			);
			buildRules = (
			);
			dependencies = (
			);
			name = ChatApp;
			productName = ChatApp;
			productReference = 04E519A8286CF0FD00EB0BC9 /* ChatApp.app */;
			productType = "com.apple.product-type.application";
		};
/* End PBXNativeTarget section */

/* Begin PBXProject section */
		04E519A0286CF0FD00EB0BC9 /* Project object */ = {
			isa = PBXProject;
			attributes = {
				BuildIndependentTargetsInParallel = 1;
				LastSwiftUpdateCheck = 1340;
				LastUpgradeCheck = 1340;
				TargetAttributes = {
					04E519A7286CF0FD00EB0BC9 = {
						CreatedOnToolsVersion = 13.4.1;
					};
				};
			};
			buildConfigurationList = 04E519A3286CF0FD00EB0BC9 /* Build configuration list for PBXProject "ChatApp" */;
			compatibilityVersion = "Xcode 13.0";
			developmentRegion = en;
			hasScannedForEncodings = 0;
			knownRegions = (
				en,
				Base,
			);
			mainGroup = 04E5199F286CF0FD00EB0BC9;
			productRefGroup = 04E519A9286CF0FD00EB0BC9 /* Products */;
			projectDirPath = "";
			projectRoot = "";
			targets = (
				04E519A7286CF0FD00EB0BC9 /* ChatApp */,
			);
		};
/* End PBXProject section */

/* Begin PBXResourcesBuildPhase section */
		04E519A6286CF0FD00EB0BC9 /* Resources */ = {
			isa = PBXResourcesBuildPhase;
			buildActionMask = 2147483647;
			files = (
				04E519B8286CF0FF00EB0BC9 /* LaunchScreen.storyboard in Resources */,
				04316FD02872CB250072DD0D /* GoogleService-Info.plist in Resources */,
				04E519B5286CF0FF00EB0BC9 /* Assets.xcassets in Resources */,
				04E519B3286CF0FE00EB0BC9 /* Main.storyboard in Resources */,
			);
			runOnlyForDeploymentPostprocessing = 0;
		};
/* End PBXResourcesBuildPhase section */

/* Begin PBXShellScriptBuildPhase section */
		0C0841DFAA54649F0C7F965D /* [CP] Check Pods Manifest.lock */ = {
			isa = PBXShellScriptBuildPhase;
			buildActionMask = 2147483647;
			files = (
			);
			inputFileListPaths = (
			);
			inputPaths = (
				"${PODS_PODFILE_DIR_PATH}/Podfile.lock",
				"${PODS_ROOT}/Manifest.lock",
			);
			name = "[CP] Check Pods Manifest.lock";
			outputFileListPaths = (
			);
			outputPaths = (
				"$(DERIVED_FILE_DIR)/Pods-ChatApp-checkManifestLockResult.txt",
			);
			runOnlyForDeploymentPostprocessing = 0;
			shellPath = /bin/sh;
			shellScript = "diff \"${PODS_PODFILE_DIR_PATH}/Podfile.lock\" \"${PODS_ROOT}/Manifest.lock\" > /dev/null\nif [ $? != 0 ] ; then\n    # print error to STDERR\n    echo \"error: The sandbox is not in sync with the Podfile.lock. Run 'pod install' or update your CocoaPods installation.\" >&2\n    exit 1\nfi\n# This output is used by Xcode 'outputs' to avoid re-running this script phase.\necho \"SUCCESS\" > \"${SCRIPT_OUTPUT_FILE_0}\"\n";
			showEnvVarsInLog = 0;
		};
		7243ED047D5E8912AA03638A /* [CP] Embed Pods Frameworks */ = {
			isa = PBXShellScriptBuildPhase;
			buildActionMask = 2147483647;
			files = (
			);
			inputFileListPaths = (
				"${PODS_ROOT}/Target Support Files/Pods-ChatApp/Pods-ChatApp-frameworks-${CONFIGURATION}-input-files.xcfilelist",
			);
			name = "[CP] Embed Pods Frameworks";
			outputFileListPaths = (
				"${PODS_ROOT}/Target Support Files/Pods-ChatApp/Pods-ChatApp-frameworks-${CONFIGURATION}-output-files.xcfilelist",
			);
			runOnlyForDeploymentPostprocessing = 0;
			shellPath = /bin/sh;
			shellScript = "\"${PODS_ROOT}/Target Support Files/Pods-ChatApp/Pods-ChatApp-frameworks.sh\"\n";
			showEnvVarsInLog = 0;
		};
/* End PBXShellScriptBuildPhase section */

/* Begin PBXSourcesBuildPhase section */
		04E519A4286CF0FD00EB0BC9 /* Sources */ = {
			isa = PBXSourcesBuildPhase;
			buildActionMask = 2147483647;
			files = (
				04E519B0286CF0FE00EB0BC9 /* ChatViewController.swift in Sources */,
				04316FD2287414270072DD0D /* DatabaseManager.swift in Sources */,
				04316FCB2870A5AE0072DD0D /* NewChatViewController.swift in Sources */,
				04316FC12870A5060072DD0D /* PhotoViewController.swift in Sources */,
				04E519AC286CF0FD00EB0BC9 /* AppDelegate.swift in Sources */,
				04316FC52870A5370072DD0D /* RegisterViewController.swift in Sources */,
				04316FCE2870E5080072DD0D /* Extensions.swift in Sources */,
				04316FC72870A5860072DD0D /* ProfileViewController.swift in Sources */,
				04316FC92870A59C0072DD0D /* VideoPlayerViewController.swift in Sources */,
				04316FC32870A5220072DD0D /* LoginViewController.swift in Sources */,
				04E519AE286CF0FD00EB0BC9 /* SceneDelegate.swift in Sources */,
			);
			runOnlyForDeploymentPostprocessing = 0;
		};
/* End PBXSourcesBuildPhase section */

/* Begin PBXVariantGroup section */
		04E519B1286CF0FE00EB0BC9 /* Main.storyboard */ = {
			isa = PBXVariantGroup;
			children = (
				04E519B2286CF0FE00EB0BC9 /* Base */,
			);
			name = Main.storyboard;
			sourceTree = "<group>";
		};
		04E519B6286CF0FF00EB0BC9 /* LaunchScreen.storyboard */ = {
			isa = PBXVariantGroup;
			children = (
				04E519B7286CF0FF00EB0BC9 /* Base */,
			);
			name = LaunchScreen.storyboard;
			sourceTree = "<group>";
		};
/* End PBXVariantGroup section */

/* Begin XCBuildConfiguration section */
		04E519BA286CF0FF00EB0BC9 /* Debug */ = {
			isa = XCBuildConfiguration;
			buildSettings = {
				ALWAYS_SEARCH_USER_PATHS = NO;
				CLANG_ANALYZER_NONNULL = YES;
				CLANG_ANALYZER_NUMBER_OBJECT_CONVERSION = YES_AGGRESSIVE;
				CLANG_CXX_LANGUAGE_STANDARD = "gnu++17";
				CLANG_ENABLE_MODULES = YES;
				CLANG_ENABLE_OBJC_ARC = YES;
				CLANG_ENABLE_OBJC_WEAK = YES;
				CLANG_WARN_BLOCK_CAPTURE_AUTORELEASING = YES;
				CLANG_WARN_BOOL_CONVERSION = YES;
				CLANG_WARN_COMMA = YES;
				CLANG_WARN_CONSTANT_CONVERSION = YES;
				CLANG_WARN_DEPRECATED_OBJC_IMPLEMENTATIONS = YES;
				CLANG_WARN_DIRECT_OBJC_ISA_USAGE = YES_ERROR;
				CLANG_WARN_DOCUMENTATION_COMMENTS = YES;
				CLANG_WARN_EMPTY_BODY = YES;
				CLANG_WARN_ENUM_CONVERSION = YES;
				CLANG_WARN_INFINITE_RECURSION = YES;
				CLANG_WARN_INT_CONVERSION = YES;
				CLANG_WARN_NON_LITERAL_NULL_CONVERSION = YES;
				CLANG_WARN_OBJC_IMPLICIT_RETAIN_SELF = YES;
				CLANG_WARN_OBJC_LITERAL_CONVERSION = YES;
				CLANG_WARN_OBJC_ROOT_CLASS = YES_ERROR;
				CLANG_WARN_QUOTED_INCLUDE_IN_FRAMEWORK_HEADER = YES;
				CLANG_WARN_RANGE_LOOP_ANALYSIS = YES;
				CLANG_WARN_STRICT_PROTOTYPES = YES;
				CLANG_WARN_SUSPICIOUS_MOVE = YES;
				CLANG_WARN_UNGUARDED_AVAILABILITY = YES_AGGRESSIVE;
				CLANG_WARN_UNREACHABLE_CODE = YES;
				CLANG_WARN__DUPLICATE_METHOD_MATCH = YES;
				COPY_PHASE_STRIP = NO;
				DEBUG_INFORMATION_FORMAT = dwarf;
				ENABLE_STRICT_OBJC_MSGSEND = YES;
				ENABLE_TESTABILITY = YES;
				GCC_C_LANGUAGE_STANDARD = gnu11;
				GCC_DYNAMIC_NO_PIC = NO;
				GCC_NO_COMMON_BLOCKS = YES;
				GCC_OPTIMIZATION_LEVEL = 0;
				GCC_PREPROCESSOR_DEFINITIONS = (
					"DEBUG=1",
					"$(inherited)",
				);
				GCC_WARN_64_TO_32_BIT_CONVERSION = YES;
				GCC_WARN_ABOUT_RETURN_TYPE = YES_ERROR;
				GCC_WARN_UNDECLARED_SELECTOR = YES;
				GCC_WARN_UNINITIALIZED_AUTOS = YES_AGGRESSIVE;
				GCC_WARN_UNUSED_FUNCTION = YES;
				GCC_WARN_UNUSED_VARIABLE = YES;
				IPHONEOS_DEPLOYMENT_TARGET = 15.5;
				MTL_ENABLE_DEBUG_INFO = INCLUDE_SOURCE;
				MTL_FAST_MATH = YES;
				ONLY_ACTIVE_ARCH = YES;
				SDKROOT = iphoneos;
				SWIFT_ACTIVE_COMPILATION_CONDITIONS = DEBUG;
				SWIFT_OPTIMIZATION_LEVEL = "-Onone";
			};
			name = Debug;
		};
		04E519BB286CF0FF00EB0BC9 /* Release */ = {
			isa = XCBuildConfiguration;
			buildSettings = {
				ALWAYS_SEARCH_USER_PATHS = NO;
				CLANG_ANALYZER_NONNULL = YES;
				CLANG_ANALYZER_NUMBER_OBJECT_CONVERSION = YES_AGGRESSIVE;
				CLANG_CXX_LANGUAGE_STANDARD = "gnu++17";
				CLANG_ENABLE_MODULES = YES;
				CLANG_ENABLE_OBJC_ARC = YES;
				CLANG_ENABLE_OBJC_WEAK = YES;
				CLANG_WARN_BLOCK_CAPTURE_AUTORELEASING = YES;
				CLANG_WARN_BOOL_CONVERSION = YES;
				CLANG_WARN_COMMA = YES;
				CLANG_WARN_CONSTANT_CONVERSION = YES;
				CLANG_WARN_DEPRECATED_OBJC_IMPLEMENTATIONS = YES;
				CLANG_WARN_DIRECT_OBJC_ISA_USAGE = YES_ERROR;
				CLANG_WARN_DOCUMENTATION_COMMENTS = YES;
				CLANG_WARN_EMPTY_BODY = YES;
				CLANG_WARN_ENUM_CONVERSION = YES;
				CLANG_WARN_INFINITE_RECURSION = YES;
				CLANG_WARN_INT_CONVERSION = YES;
				CLANG_WARN_NON_LITERAL_NULL_CONVERSION = YES;
				CLANG_WARN_OBJC_IMPLICIT_RETAIN_SELF = YES;
				CLANG_WARN_OBJC_LITERAL_CONVERSION = YES;
				CLANG_WARN_OBJC_ROOT_CLASS = YES_ERROR;
				CLANG_WARN_QUOTED_INCLUDE_IN_FRAMEWORK_HEADER = YES;
				CLANG_WARN_RANGE_LOOP_ANALYSIS = YES;
				CLANG_WARN_STRICT_PROTOTYPES = YES;
				CLANG_WARN_SUSPICIOUS_MOVE = YES;
				CLANG_WARN_UNGUARDED_AVAILABILITY = YES_AGGRESSIVE;
				CLANG_WARN_UNREACHABLE_CODE = YES;
				CLANG_WARN__DUPLICATE_METHOD_MATCH = YES;
				COPY_PHASE_STRIP = NO;
				DEBUG_INFORMATION_FORMAT = "dwarf-with-dsym";
				ENABLE_NS_ASSERTIONS = NO;
				ENABLE_STRICT_OBJC_MSGSEND = YES;
				GCC_C_LANGUAGE_STANDARD = gnu11;
				GCC_NO_COMMON_BLOCKS = YES;
				GCC_WARN_64_TO_32_BIT_CONVERSION = YES;
				GCC_WARN_ABOUT_RETURN_TYPE = YES_ERROR;
				GCC_WARN_UNDECLARED_SELECTOR = YES;
				GCC_WARN_UNINITIALIZED_AUTOS = YES_AGGRESSIVE;
				GCC_WARN_UNUSED_FUNCTION = YES;
				GCC_WARN_UNUSED_VARIABLE = YES;
				IPHONEOS_DEPLOYMENT_TARGET = 15.5;
				MTL_ENABLE_DEBUG_INFO = NO;
				MTL_FAST_MATH = YES;
				SDKROOT = iphoneos;
				SWIFT_COMPILATION_MODE = wholemodule;
				SWIFT_OPTIMIZATION_LEVEL = "-O";
				VALIDATE_PRODUCT = YES;
			};
			name = Release;
		};
		04E519BD286CF0FF00EB0BC9 /* Debug */ = {
			isa = XCBuildConfiguration;
			baseConfigurationReference = AA5CBE4322F2E56373E95C51 /* Pods-ChatApp.debug.xcconfig */;
			buildSettings = {
				ASSETCATALOG_COMPILER_APPICON_NAME = AppIcon;
				ASSETCATALOG_COMPILER_GLOBAL_ACCENT_COLOR_NAME = AccentColor;
				CODE_SIGN_STYLE = Automatic;
				CURRENT_PROJECT_VERSION = 1;
				DEVELOPMENT_TEAM = UQMAG39CA7;
				GENERATE_INFOPLIST_FILE = YES;
				INFOPLIST_FILE = ChatApp/Info.plist;
				INFOPLIST_KEY_UIApplicationSupportsIndirectInputEvents = YES;
				INFOPLIST_KEY_UILaunchStoryboardName = LaunchScreen;
				INFOPLIST_KEY_UIMainStoryboardFile = Main;
				INFOPLIST_KEY_UISupportedInterfaceOrientations = UIInterfaceOrientationPortrait;
				INFOPLIST_KEY_UISupportedInterfaceOrientations_iPad = "UIInterfaceOrientationPortrait UIInterfaceOrientationPortraitUpsideDown";
				INFOPLIST_KEY_UISupportedInterfaceOrientations_iPhone = "UIInterfaceOrientationPortrait UIInterfaceOrientationLandscapeLeft UIInterfaceOrientationLandscapeRight";
				IPHONEOS_DEPLOYMENT_TARGET = 15.5;
				LD_RUNPATH_SEARCH_PATHS = (
					"$(inherited)",
					"@executable_path/Frameworks",
				);
				MARKETING_VERSION = 1.0;
				ONLY_ACTIVE_ARCH = YES;
				PRODUCT_BUNDLE_IDENTIFIER = com.nuansengsy.ChatApp;
				PRODUCT_NAME = "$(TARGET_NAME)";
				SWIFT_EMIT_LOC_STRINGS = YES;
				SWIFT_VERSION = 5.0;
				TARGETED_DEVICE_FAMILY = "1,2";
			};
			name = Debug;
		};
		04E519BE286CF0FF00EB0BC9 /* Release */ = {
			isa = XCBuildConfiguration;
			baseConfigurationReference = 61F2B4702299AB7044D6AAE5 /* Pods-ChatApp.release.xcconfig */;
			buildSettings = {
				ASSETCATALOG_COMPILER_APPICON_NAME = AppIcon;
				ASSETCATALOG_COMPILER_GLOBAL_ACCENT_COLOR_NAME = AccentColor;
				CODE_SIGN_STYLE = Automatic;
				CURRENT_PROJECT_VERSION = 1;
				DEVELOPMENT_TEAM = UQMAG39CA7;
				GENERATE_INFOPLIST_FILE = YES;
				INFOPLIST_FILE = ChatApp/Info.plist;
				INFOPLIST_KEY_UIApplicationSupportsIndirectInputEvents = YES;
				INFOPLIST_KEY_UILaunchStoryboardName = LaunchScreen;
				INFOPLIST_KEY_UIMainStoryboardFile = Main;
				INFOPLIST_KEY_UISupportedInterfaceOrientations = UIInterfaceOrientationPortrait;
				INFOPLIST_KEY_UISupportedInterfaceOrientations_iPad = "UIInterfaceOrientationPortrait UIInterfaceOrientationPortraitUpsideDown";
				INFOPLIST_KEY_UISupportedInterfaceOrientations_iPhone = "UIInterfaceOrientationPortrait UIInterfaceOrientationLandscapeLeft UIInterfaceOrientationLandscapeRight";
				IPHONEOS_DEPLOYMENT_TARGET = 15.5;
				LD_RUNPATH_SEARCH_PATHS = (
					"$(inherited)",
					"@executable_path/Frameworks",
				);
				MARKETING_VERSION = 1.0;
				ONLY_ACTIVE_ARCH = YES;
				PRODUCT_BUNDLE_IDENTIFIER = com.nuansengsy.ChatApp;
				PRODUCT_NAME = "$(TARGET_NAME)";
				SWIFT_EMIT_LOC_STRINGS = YES;
				SWIFT_VERSION = 5.0;
				TARGETED_DEVICE_FAMILY = "1,2";
			};
			name = Release;
		};
/* End XCBuildConfiguration section */

/* Begin XCConfigurationList section */
		04E519A3286CF0FD00EB0BC9 /* Build configuration list for PBXProject "ChatApp" */ = {
			isa = XCConfigurationList;
			buildConfigurations = (
				04E519BA286CF0FF00EB0BC9 /* Debug */,
				04E519BB286CF0FF00EB0BC9 /* Release */,
			);
			defaultConfigurationIsVisible = 0;
			defaultConfigurationName = Release;
		};
		04E519BC286CF0FF00EB0BC9 /* Build configuration list for PBXNativeTarget "ChatApp" */ = {
			isa = XCConfigurationList;
			buildConfigurations = (
				04E519BD286CF0FF00EB0BC9 /* Debug */,
				04E519BE286CF0FF00EB0BC9 /* Release */,
			);
			defaultConfigurationIsVisible = 0;
			defaultConfigurationName = Release;
		};
/* End XCConfigurationList section */
	};
	rootObject = 04E519A0286CF0FD00EB0BC9 /* Project object */;
}
